
Microsoft Visual Studio Solution File, Format Version 12.00
# Visual Studio Version 17
VisualStudioVersion = 17.9.34622.214
MinimumVisualStudioVersion = 10.0.40219.1
Project("{9A19103F-16F7-4668-BE54-9A1E7A4F7556}") = "MagicVilla_VillaAPi", "MagicVilla_VillaAPi\MagicVilla_VillaAPi.csproj", "{71C578AD-3ACF-49FE-97A1-A8A2EDC5A2C8}"
EndProject
Project("{FAE04EC0-301F-11D3-BF4B-00C04F79EFBC}") = "MagicVilla_Web", "MagicVilla_Web\MagicVilla_Web.csproj", "{D4EF7339-8D9B-4633-BEA2-E7DB56A1FAA3}"
EndProject
Project("{FAE04EC0-301F-11D3-BF4B-00C04F79EFBC}") = "MagicVilla_Utility", "MagicVilla_Utility\MagicVilla_Utility.csproj", "{DA35E769-C327-4765-9831-A1F22578CFE8}"
EndProject
Global
	GlobalSection(SolutionConfigurationPlatforms) = preSolution
		Debug|Any CPU = Debug|Any CPU
		Release|Any CPU = Release|Any CPU
	EndGlobalSection
	GlobalSection(ProjectConfigurationPlatforms) = postSolution
		{71C578AD-3ACF-49FE-97A1-A8A2EDC5A2C8}.Debug|Any CPU.ActiveCfg = Debug|Any CPU
		{71C578AD-3ACF-49FE-97A1-A8A2EDC5A2C8}.Debug|Any CPU.Build.0 = Debug|Any CPU
		{71C578AD-3ACF-49FE-97A1-A8A2EDC5A2C8}.Release|Any CPU.ActiveCfg = Release|Any CPU
		{71C578AD-3ACF-49FE-97A1-A8A2EDC5A2C8}.Release|Any CPU.Build.0 = Release|Any CPU
		{D4EF7339-8D9B-4633-BEA2-E7DB56A1FAA3}.Debug|Any CPU.ActiveCfg = Debug|Any CPU
		{D4EF7339-8D9B-4633-BEA2-E7DB56A1FAA3}.Debug|Any CPU.Build.0 = Debug|Any CPU
		{D4EF7339-8D9B-4633-BEA2-E7DB56A1FAA3}.Release|Any CPU.ActiveCfg = Release|Any CPU
		{D4EF7339-8D9B-4633-BEA2-E7DB56A1FAA3}.Release|Any CPU.Build.0 = Release|Any CPU
		{DA35E769-C327-4765-9831-A1F22578CFE8}.Debug|Any CPU.ActiveCfg = Debug|Any CPU
		{DA35E769-C327-4765-9831-A1F22578CFE8}.Debug|Any CPU.Build.0 = Debug|Any CPU
		{DA35E769-C327-4765-9831-A1F22578CFE8}.Release|Any CPU.ActiveCfg = Release|Any CPU
		{DA35E769-C327-4765-9831-A1F22578CFE8}.Release|Any CPU.Build.0 = Release|Any CPU
	EndGlobalSection
	GlobalSection(SolutionProperties) = preSolution
		HideSolutionNode = FALSE
	EndGlobalSection
	GlobalSection(ExtensibilityGlobals) = postSolution
		SolutionGuid = {A753999E-8381-4197-AF6D-9985034922DF}
	EndGlobalSection
EndGlobal
